
Microsoft Visual Studio Solution File, Format Version 12.00
# Visual Studio Version 17
VisualStudioVersion = 17.6.33723.286
MinimumVisualStudioVersion = 10.0.40219.1
Project("{9A19103F-16F7-4668-BE54-9A1E7A4F7556}") = "BusinessCasual.Web", "BusinessCasual.Web\BusinessCasual.Web.csproj", "{08D93C4F-B737-4237-9BED-1734775A8614}"
EndProject
Project("{FAE04EC0-301F-11D3-BF4B-00C04F79EFBC}") = "BusinessCasual.Umbraco.Models", "BusinessCasual.Umbraco.Models\BusinessCasual.Umbraco.Models.csproj", "{6374DBE3-4E2B-4EF9-89AF-13305C63D9C3}"
EndProject
Global
	GlobalSection(SolutionConfigurationPlatforms) = preSolution
		Debug|Any CPU = Debug|Any CPU
		Release|Any CPU = Release|Any CPU
	EndGlobalSection
	GlobalSection(ProjectConfigurationPlatforms) = postSolution
		{08D93C4F-B737-4237-9BED-1734775A8614}.Debug|Any CPU.ActiveCfg = Debug|Any CPU
		{08D93C4F-B737-4237-9BED-1734775A8614}.Debug|Any CPU.Build.0 = Debug|Any CPU
		{08D93C4F-B737-4237-9BED-1734775A8614}.Release|Any CPU.ActiveCfg = Release|Any CPU
		{08D93C4F-B737-4237-9BED-1734775A8614}.Release|Any CPU.Build.0 = Release|Any CPU
		{6374DBE3-4E2B-4EF9-89AF-13305C63D9C3}.Debug|Any CPU.ActiveCfg = Debug|Any CPU
		{6374DBE3-4E2B-4EF9-89AF-13305C63D9C3}.Debug|Any CPU.Build.0 = Debug|Any CPU
		{6374DBE3-4E2B-4EF9-89AF-13305C63D9C3}.Release|Any CPU.ActiveCfg = Release|Any CPU
		{6374DBE3-4E2B-4EF9-89AF-13305C63D9C3}.Release|Any CPU.Build.0 = Release|Any CPU
	EndGlobalSection
	GlobalSection(SolutionProperties) = preSolution
		HideSolutionNode = FALSE
	EndGlobalSection
	GlobalSection(ExtensibilityGlobals) = postSolution
		SolutionGuid = {F132EB47-89D1-4A0F-AAD4-562E5722BCC9}
	EndGlobalSection
EndGlobal
